
Microsoft Visual Studio Solution File, Format Version 12.00
# Visual Studio Version 17
VisualStudioVersion = 17.0.31903.59
MinimumVisualStudioVersion = 10.0.40219.1
Project("{2150E333-8FDC-42A3-9474-1A3956D46DE8}") = "src", "src", "{827E0CD3-B72D-47B6-A68D-7590B98EB39B}"
EndProject
Project("{2150E333-8FDC-42A3-9474-1A3956D46DE8}") = "Api", "Api", "{81034408-37C8-1011-444E-4C15C2FADA8E}"
EndProject
Project("{FAE04EC0-301F-11D3-BF4B-00C04F79EFBC}") = "OptimaHealthcare.Api", "src\Api\OptimaHealthcare.Api.csproj", "{91416003-0C59-4815-B26D-663EE652FF57}"
EndProject
Project("{2150E333-8FDC-42A3-9474-1A3956D46DE8}") = "Application", "Application", "{22BAF98C-8415-17C4-B26A-D537657BC863}"
EndProject
Project("{FAE04EC0-301F-11D3-BF4B-00C04F79EFBC}") = "OptimaHealthcare.Application", "src\Application\OptimaHealthcare.Application.csproj", "{4FE411FB-97AC-4DC4-9828-6EDA9E845CBC}"
EndProject
Project("{2150E333-8FDC-42A3-9474-1A3956D46DE8}") = "Domain", "Domain", "{8B290487-4C16-E85E-E807-F579CBE9FC4D}"
EndProject
Project("{FAE04EC0-301F-11D3-BF4B-00C04F79EFBC}") = "OptimaHealthcare.Domain", "src\Domain\OptimaHealthcare.Domain.csproj", "{D58E73AF-5233-4C9F-883C-B689B9E2E773}"
EndProject
Project("{2150E333-8FDC-42A3-9474-1A3956D46DE8}") = "Infrastructure", "Infrastructure", "{9048EB7F-3875-A59E-E36B-5BD4C6F2A282}"
EndProject
Project("{FAE04EC0-301F-11D3-BF4B-00C04F79EFBC}") = "OptimaHealthcare.Infrastructure", "src\Infrastructure\OptimaHealthcare.Infrastructure.csproj", "{9E76E92A-DCD8-408B-B003-7A1F2526B3F3}"
EndProject
Project("{2150E333-8FDC-42A3-9474-1A3956D46DE8}") = "Contracts", "Contracts", "{FFBE31B8-50B9-B415-22BC-2F92C97CADA3}"
EndProject
Project("{FAE04EC0-301F-11D3-BF4B-00C04F79EFBC}") = "OptimaHealthcare.Contracts", "src\Contracts\OptimaHealthcare.Contracts.csproj", "{28DBAF1B-127A-4703-80C4-E535765B23C3}"
EndProject
Project("{2150E333-8FDC-42A3-9474-1A3956D46DE8}") = "tests", "tests", "{0AB3BF05-4346-4AA6-1389-037BE0695223}"
EndProject
Project("{2150E333-8FDC-42A3-9474-1A3956D46DE8}") = "UnitTests", "UnitTests", "{394A81D9-3C45-9818-BB26-23F2B85056FF}"
EndProject
Project("{FAE04EC0-301F-11D3-BF4B-00C04F79EFBC}") = "OptimaHealthcare.UnitTests", "tests\UnitTests\OptimaHealthcare.UnitTests.csproj", "{7355A47A-3F43-4BCF-91E2-2A6D14AA10E1}"
EndProject
Project("{2150E333-8FDC-42A3-9474-1A3956D46DE8}") = "IntegrationTests", "IntegrationTests", "{30785934-E017-5D9F-2777-3D61460A5281}"
EndProject
Project("{FAE04EC0-301F-11D3-BF4B-00C04F79EFBC}") = "OptimaHealthcare.IntegrationTests", "tests\IntegrationTests\OptimaHealthcare.IntegrationTests.csproj", "{04F38F50-30CE-4034-BDCC-8D657C92C233}"
EndProject
Global
	GlobalSection(SolutionConfigurationPlatforms) = preSolution
		Debug|Any CPU = Debug|Any CPU
		Debug|x64 = Debug|x64
		Debug|x86 = Debug|x86
		Release|Any CPU = Release|Any CPU
		Release|x64 = Release|x64
		Release|x86 = Release|x86
	EndGlobalSection
	GlobalSection(ProjectConfigurationPlatforms) = postSolution
		{91416003-0C59-4815-B26D-663EE652FF57}.Debug|Any CPU.ActiveCfg = Debug|Any CPU
		{91416003-0C59-4815-B26D-663EE652FF57}.Debug|Any CPU.Build.0 = Debug|Any CPU
		{91416003-0C59-4815-B26D-663EE652FF57}.Debug|x64.ActiveCfg = Debug|Any CPU
		{91416003-0C59-4815-B26D-663EE652FF57}.Debug|x64.Build.0 = Debug|Any CPU
		{91416003-0C59-4815-B26D-663EE652FF57}.Debug|x86.ActiveCfg = Debug|Any CPU
		{91416003-0C59-4815-B26D-663EE652FF57}.Debug|x86.Build.0 = Debug|Any CPU
		{91416003-0C59-4815-B26D-663EE652FF57}.Release|Any CPU.ActiveCfg = Release|Any CPU
		{91416003-0C59-4815-B26D-663EE652FF57}.Release|Any CPU.Build.0 = Release|Any CPU
		{91416003-0C59-4815-B26D-663EE652FF57}.Release|x64.ActiveCfg = Release|Any CPU
		{91416003-0C59-4815-B26D-663EE652FF57}.Release|x64.Build.0 = Release|Any CPU
		{91416003-0C59-4815-B26D-663EE652FF57}.Release|x86.ActiveCfg = Release|Any CPU
		{91416003-0C59-4815-B26D-663EE652FF57}.Release|x86.Build.0 = Release|Any CPU
		{4FE411FB-97AC-4DC4-9828-6EDA9E845CBC}.Debug|Any CPU.ActiveCfg = Debug|Any CPU
		{4FE411FB-97AC-4DC4-9828-6EDA9E845CBC}.Debug|Any CPU.Build.0 = Debug|Any CPU
		{4FE411FB-97AC-4DC4-9828-6EDA9E845CBC}.Debug|x64.ActiveCfg = Debug|Any CPU
		{4FE411FB-97AC-4DC4-9828-6EDA9E845CBC}.Debug|x64.Build.0 = Debug|Any CPU
		{4FE411FB-97AC-4DC4-9828-6EDA9E845CBC}.Debug|x86.ActiveCfg = Debug|Any CPU
		{4FE411FB-97AC-4DC4-9828-6EDA9E845CBC}.Debug|x86.Build.0 = Debug|Any CPU
		{4FE411FB-97AC-4DC4-9828-6EDA9E845CBC}.Release|Any CPU.ActiveCfg = Release|Any CPU
		{4FE411FB-97AC-4DC4-9828-6EDA9E845CBC}.Release|Any CPU.Build.0 = Release|Any CPU
		{4FE411FB-97AC-4DC4-9828-6EDA9E845CBC}.Release|x64.ActiveCfg = Release|Any CPU
		{4FE411FB-97AC-4DC4-9828-6EDA9E845CBC}.Release|x64.Build.0 = Release|Any CPU
		{4FE411FB-97AC-4DC4-9828-6EDA9E845CBC}.Release|x86.ActiveCfg = Release|Any CPU
		{4FE411FB-97AC-4DC4-9828-6EDA9E845CBC}.Release|x86.Build.0 = Release|Any CPU
		{D58E73AF-5233-4C9F-883C-B689B9E2E773}.Debug|Any CPU.ActiveCfg = Debug|Any CPU
		{D58E73AF-5233-4C9F-883C-B689B9E2E773}.Debug|Any CPU.Build.0 = Debug|Any CPU
		{D58E73AF-5233-4C9F-883C-B689B9E2E773}.Debug|x64.ActiveCfg = Debug|Any CPU
		{D58E73AF-5233-4C9F-883C-B689B9E2E773}.Debug|x64.Build.0 = Debug|Any CPU
		{D58E73AF-5233-4C9F-883C-B689B9E2E773}.Debug|x86.ActiveCfg = Debug|Any CPU
		{D58E73AF-5233-4C9F-883C-B689B9E2E773}.Debug|x86.Build.0 = Debug|Any CPU
		{D58E73AF-5233-4C9F-883C-B689B9E2E773}.Release|Any CPU.ActiveCfg = Release|Any CPU
		{D58E73AF-5233-4C9F-883C-B689B9E2E773}.Release|Any CPU.Build.0 = Release|Any CPU
		{D58E73AF-5233-4C9F-883C-B689B9E2E773}.Release|x64.ActiveCfg = Release|Any CPU
		{D58E73AF-5233-4C9F-883C-B689B9E2E773}.Release|x64.Build.0 = Release|Any CPU
		{D58E73AF-5233-4C9F-883C-B689B9E2E773}.Release|x86.ActiveCfg = Release|Any CPU
		{D58E73AF-5233-4C9F-883C-B689B9E2E773}.Release|x86.Build.0 = Release|Any CPU
		{9E76E92A-DCD8-408B-B003-7A1F2526B3F3}.Debug|Any CPU.ActiveCfg = Debug|Any CPU
		{9E76E92A-DCD8-408B-B003-7A1F2526B3F3}.Debug|Any CPU.Build.0 = Debug|Any CPU
		{9E76E92A-DCD8-408B-B003-7A1F2526B3F3}.Debug|x64.ActiveCfg = Debug|Any CPU
		{9E76E92A-DCD8-408B-B003-7A1F2526B3F3}.Debug|x64.Build.0 = Debug|Any CPU
		{9E76E92A-DCD8-408B-B003-7A1F2526B3F3}.Debug|x86.ActiveCfg = Debug|Any CPU
		{9E76E92A-DCD8-408B-B003-7A1F2526B3F3}.Debug|x86.Build.0 = Debug|Any CPU
		{9E76E92A-DCD8-408B-B003-7A1F2526B3F3}.Release|Any CPU.ActiveCfg = Release|Any CPU
		{9E76E92A-DCD8-408B-B003-7A1F2526B3F3}.Release|Any CPU.Build.0 = Release|Any CPU
		{9E76E92A-DCD8-408B-B003-7A1F2526B3F3}.Release|x64.ActiveCfg = Release|Any CPU
		{9E76E92A-DCD8-408B-B003-7A1F2526B3F3}.Release|x64.Build.0 = Release|Any CPU
		{9E76E92A-DCD8-408B-B003-7A1F2526B3F3}.Release|x86.ActiveCfg = Release|Any CPU
		{9E76E92A-DCD8-408B-B003-7A1F2526B3F3}.Release|x86.Build.0 = Release|Any CPU
		{28DBAF1B-127A-4703-80C4-E535765B23C3}.Debug|Any CPU.ActiveCfg = Debug|Any CPU
		{28DBAF1B-127A-4703-80C4-E535765B23C3}.Debug|Any CPU.Build.0 = Debug|Any CPU
		{28DBAF1B-127A-4703-80C4-E535765B23C3}.Debug|x64.ActiveCfg = Debug|Any CPU
		{28DBAF1B-127A-4703-80C4-E535765B23C3}.Debug|x64.Build.0 = Debug|Any CPU
		{28DBAF1B-127A-4703-80C4-E535765B23C3}.Debug|x86.ActiveCfg = Debug|Any CPU
		{28DBAF1B-127A-4703-80C4-E535765B23C3}.Debug|x86.Build.0 = Debug|Any CPU
		{28DBAF1B-127A-4703-80C4-E535765B23C3}.Release|Any CPU.ActiveCfg = Release|Any CPU
		{28DBAF1B-127A-4703-80C4-E535765B23C3}.Release|Any CPU.Build.0 = Release|Any CPU
		{28DBAF1B-127A-4703-80C4-E535765B23C3}.Release|x64.ActiveCfg = Release|Any CPU
		{28DBAF1B-127A-4703-80C4-E535765B23C3}.Release|x64.Build.0 = Release|Any CPU
		{28DBAF1B-127A-4703-80C4-E535765B23C3}.Release|x86.ActiveCfg = Release|Any CPU
		{28DBAF1B-127A-4703-80C4-E535765B23C3}.Release|x86.Build.0 = Release|Any CPU
		{7355A47A-3F43-4BCF-91E2-2A6D14AA10E1}.Debug|Any CPU.ActiveCfg = Debug|Any CPU
		{7355A47A-3F43-4BCF-91E2-2A6D14AA10E1}.Debug|Any CPU.Build.0 = Debug|Any CPU
		{7355A47A-3F43-4BCF-91E2-2A6D14AA10E1}.Debug|x64.ActiveCfg = Debug|Any CPU
		{7355A47A-3F43-4BCF-91E2-2A6D14AA10E1}.Debug|x64.Build.0 = Debug|Any CPU
		{7355A47A-3F43-4BCF-91E2-2A6D14AA10E1}.Debug|x86.ActiveCfg = Debug|Any CPU
		{7355A47A-3F43-4BCF-91E2-2A6D14AA10E1}.Debug|x86.Build.0 = Debug|Any CPU
		{7355A47A-3F43-4BCF-91E2-2A6D14AA10E1}.Release|Any CPU.ActiveCfg = Release|Any CPU
		{7355A47A-3F43-4BCF-91E2-2A6D14AA10E1}.Release|Any CPU.Build.0 = Release|Any CPU
		{7355A47A-3F43-4BCF-91E2-2A6D14AA10E1}.Release|x64.ActiveCfg = Release|Any CPU
		{7355A47A-3F43-4BCF-91E2-2A6D14AA10E1}.Release|x64.Build.0 = Release|Any CPU
		{7355A47A-3F43-4BCF-91E2-2A6D14AA10E1}.Release|x86.ActiveCfg = Release|Any CPU
		{7355A47A-3F43-4BCF-91E2-2A6D14AA10E1}.Release|x86.Build.0 = Release|Any CPU
		{04F38F50-30CE-4034-BDCC-8D657C92C233}.Debug|Any CPU.ActiveCfg = Debug|Any CPU
		{04F38F50-30CE-4034-BDCC-8D657C92C233}.Debug|Any CPU.Build.0 = Debug|Any CPU
		{04F38F50-30CE-4034-BDCC-8D657C92C233}.Debug|x64.ActiveCfg = Debug|Any CPU
		{04F38F50-30CE-4034-BDCC-8D657C92C233}.Debug|x64.Build.0 = Debug|Any CPU
		{04F38F50-30CE-4034-BDCC-8D657C92C233}.Debug|x86.ActiveCfg = Debug|Any CPU
		{04F38F50-30CE-4034-BDCC-8D657C92C233}.Debug|x86.Build.0 = Debug|Any CPU
		{04F38F50-30CE-4034-BDCC-8D657C92C233}.Release|Any CPU.ActiveCfg = Release|Any CPU
		{04F38F50-30CE-4034-BDCC-8D657C92C233}.Release|Any CPU.Build.0 = Release|Any CPU
		{04F38F50-30CE-4034-BDCC-8D657C92C233}.Release|x64.ActiveCfg = Release|Any CPU
		{04F38F50-30CE-4034-BDCC-8D657C92C233}.Release|x64.Build.0 = Release|Any CPU
		{04F38F50-30CE-4034-BDCC-8D657C92C233}.Release|x86.ActiveCfg = Release|Any CPU
		{04F38F50-30CE-4034-BDCC-8D657C92C233}.Release|x86.Build.0 = Release|Any CPU
	EndGlobalSection
	GlobalSection(SolutionProperties) = preSolution
		HideSolutionNode = FALSE
	EndGlobalSection
	GlobalSection(NestedProjects) = preSolution
		{81034408-37C8-1011-444E-4C15C2FADA8E} = {827E0CD3-B72D-47B6-A68D-7590B98EB39B}
		{91416003-0C59-4815-B26D-663EE652FF57} = {81034408-37C8-1011-444E-4C15C2FADA8E}
		{22BAF98C-8415-17C4-B26A-D537657BC863} = {827E0CD3-B72D-47B6-A68D-7590B98EB39B}
		{4FE411FB-97AC-4DC4-9828-6EDA9E845CBC} = {22BAF98C-8415-17C4-B26A-D537657BC863}
		{8B290487-4C16-E85E-E807-F579CBE9FC4D} = {827E0CD3-B72D-47B6-A68D-7590B98EB39B}
		{D58E73AF-5233-4C9F-883C-B689B9E2E773} = {8B290487-4C16-E85E-E807-F579CBE9FC4D}
		{9048EB7F-3875-A59E-E36B-5BD4C6F2A282} = {827E0CD3-B72D-47B6-A68D-7590B98EB39B}
		{9E76E92A-DCD8-408B-B003-7A1F2526B3F3} = {9048EB7F-3875-A59E-E36B-5BD4C6F2A282}
		{FFBE31B8-50B9-B415-22BC-2F92C97CADA3} = {827E0CD3-B72D-47B6-A68D-7590B98EB39B}
		{28DBAF1B-127A-4703-80C4-E535765B23C3} = {FFBE31B8-50B9-B415-22BC-2F92C97CADA3}
		{394A81D9-3C45-9818-BB26-23F2B85056FF} = {0AB3BF05-4346-4AA6-1389-037BE0695223}
		{7355A47A-3F43-4BCF-91E2-2A6D14AA10E1} = {394A81D9-3C45-9818-BB26-23F2B85056FF}
		{30785934-E017-5D9F-2777-3D61460A5281} = {0AB3BF05-4346-4AA6-1389-037BE0695223}
		{04F38F50-30CE-4034-BDCC-8D657C92C233} = {30785934-E017-5D9F-2777-3D61460A5281}
	EndGlobalSection
EndGlobal
